
Microsoft Visual Studio Solution File, Format Version 11.00
# Visual Studio 2010
Project("{FAE04EC0-301F-11D3-BF4B-00C04F79EFBC}") = "NHP.RandomFilePicker", "NHP.RandomFilePicker\NHP.RandomFilePicker.csproj", "{11F8CD40-2A3E-435F-8AD3-66E9A38D9C94}"
EndProject
Global
	GlobalSection(SolutionConfigurationPlatforms) = preSolution
		Debug|x86 = Debug|x86
		Release|x86 = Release|x86
	EndGlobalSection
	GlobalSection(ProjectConfigurationPlatforms) = postSolution
		{11F8CD40-2A3E-435F-8AD3-66E9A38D9C94}.Debug|x86.ActiveCfg = Debug|x86
		{11F8CD40-2A3E-435F-8AD3-66E9A38D9C94}.Debug|x86.Build.0 = Debug|x86
		{11F8CD40-2A3E-435F-8AD3-66E9A38D9C94}.Release|x86.ActiveCfg = Release|x86
		{11F8CD40-2A3E-435F-8AD3-66E9A38D9C94}.Release|x86.Build.0 = Release|x86
	EndGlobalSection
	GlobalSection(SolutionProperties) = preSolution
		HideSolutionNode = FALSE
	EndGlobalSection
EndGlobal
